
Microsoft Visual Studio Solution File, Format Version 12.00
# Visual Studio Version 17
VisualStudioVersion = 17.1.32228.430
MinimumVisualStudioVersion = 10.0.40219.1
Project("{FAE04EC0-301F-11D3-BF4B-00C04F79EFBC}") = "ServicesAdministration", "ServicesAdministration\ServicesAdministration.csproj", "{42D81C69-71BC-4039-A3A9-7061801118C7}"
EndProject
Project("{FAE04EC0-301F-11D3-BF4B-00C04F79EFBC}") = "ServicesAdministration.MODELS", "ServicesAdministration.MODELS\ServicesAdministration.MODELS.csproj", "{EE05C553-2863-44E7-89DB-0F97FEA92044}"
EndProject
Project("{FAE04EC0-301F-11D3-BF4B-00C04F79EFBC}") = "ServicesAdministration.DATA", "ServicesAdministration.DATA\ServicesAdministration.DATA.csproj", "{D23505D6-7559-4989-AF19-2BFA0F6C819D}"
EndProject
Project("{FAE04EC0-301F-11D3-BF4B-00C04F79EFBC}") = "ServicesAdministration.IOC", "ServicesAdministration.IOC\ServicesAdministration.IOC.csproj", "{A809EB78-883E-4576-BC28-EBF9DA83765C}"
EndProject
Project("{FAE04EC0-301F-11D3-BF4B-00C04F79EFBC}") = "ServicesAdministration.CORE", "ServicesAdministration.CORE\ServicesAdministration.CORE.csproj", "{FA13A55B-8C10-49A9-9E34-0BDF566CBA8A}"
EndProject
Global
	GlobalSection(SolutionConfigurationPlatforms) = preSolution
		Debug|Any CPU = Debug|Any CPU
		Release|Any CPU = Release|Any CPU
	EndGlobalSection
	GlobalSection(ProjectConfigurationPlatforms) = postSolution
		{42D81C69-71BC-4039-A3A9-7061801118C7}.Debug|Any CPU.ActiveCfg = Debug|Any CPU
		{42D81C69-71BC-4039-A3A9-7061801118C7}.Debug|Any CPU.Build.0 = Debug|Any CPU
		{42D81C69-71BC-4039-A3A9-7061801118C7}.Release|Any CPU.ActiveCfg = Release|Any CPU
		{42D81C69-71BC-4039-A3A9-7061801118C7}.Release|Any CPU.Build.0 = Release|Any CPU
		{EE05C553-2863-44E7-89DB-0F97FEA92044}.Debug|Any CPU.ActiveCfg = Debug|Any CPU
		{EE05C553-2863-44E7-89DB-0F97FEA92044}.Debug|Any CPU.Build.0 = Debug|Any CPU
		{EE05C553-2863-44E7-89DB-0F97FEA92044}.Release|Any CPU.ActiveCfg = Release|Any CPU
		{EE05C553-2863-44E7-89DB-0F97FEA92044}.Release|Any CPU.Build.0 = Release|Any CPU
		{D23505D6-7559-4989-AF19-2BFA0F6C819D}.Debug|Any CPU.ActiveCfg = Debug|Any CPU
		{D23505D6-7559-4989-AF19-2BFA0F6C819D}.Debug|Any CPU.Build.0 = Debug|Any CPU
		{D23505D6-7559-4989-AF19-2BFA0F6C819D}.Release|Any CPU.ActiveCfg = Release|Any CPU
		{D23505D6-7559-4989-AF19-2BFA0F6C819D}.Release|Any CPU.Build.0 = Release|Any CPU
		{A809EB78-883E-4576-BC28-EBF9DA83765C}.Debug|Any CPU.ActiveCfg = Debug|Any CPU
		{A809EB78-883E-4576-BC28-EBF9DA83765C}.Debug|Any CPU.Build.0 = Debug|Any CPU
		{A809EB78-883E-4576-BC28-EBF9DA83765C}.Release|Any CPU.ActiveCfg = Release|Any CPU
		{A809EB78-883E-4576-BC28-EBF9DA83765C}.Release|Any CPU.Build.0 = Release|Any CPU
		{FA13A55B-8C10-49A9-9E34-0BDF566CBA8A}.Debug|Any CPU.ActiveCfg = Debug|Any CPU
		{FA13A55B-8C10-49A9-9E34-0BDF566CBA8A}.Debug|Any CPU.Build.0 = Debug|Any CPU
		{FA13A55B-8C10-49A9-9E34-0BDF566CBA8A}.Release|Any CPU.ActiveCfg = Release|Any CPU
		{FA13A55B-8C10-49A9-9E34-0BDF566CBA8A}.Release|Any CPU.Build.0 = Release|Any CPU
	EndGlobalSection
	GlobalSection(SolutionProperties) = preSolution
		HideSolutionNode = FALSE
	EndGlobalSection
	GlobalSection(ExtensibilityGlobals) = postSolution
		SolutionGuid = {838D4E57-6298-47AF-BD99-2D803CC15A50}
	EndGlobalSection
EndGlobal
